{
  "version": 4,
  "terraform_version": "1.14.4",
  "serial": 25,
  "lineage": "7bad6de0-321b-d05e-183a-091118671bce",
  "outputs": {
    "cognito_client_id": {
      "value": "4vq33ie3iig4918jchrhhfhcql",
      "type": "string"
    },
    "cognito_user_pool_id": {
      "value": "eu-central-1_JJ7KlMNcu",
      "type": "string"
    },
    "url_da_copiare": {
      "value": "https://16zqbpqdvh.execute-api.eu-central-1.amazonaws.com//voto",
      "type": "string"
    }
  },
  "resources": [
    {
      "mode": "managed",
      "type": "aws_apigatewayv2_api",
      "name": "api",
      "provider": "provider[\"registry.terraform.io/hashicorp/aws\"]",
      "instances": [
        {
          "schema_version": 0,
          "attributes": {
            "api_endpoint": "https://16zqbpqdvh.execute-api.eu-central-1.amazonaws.com",
            "api_key_selection_expression": "$request.header.x-api-key",
            "arn": "arn:aws:apigateway:eu-central-1::/apis/16zqbpqdvh",
            "body": null,
            "cors_configuration": [
              {
                "allow_credentials": false,
                "allow_headers": [
                  "authorization",
                  "content-type",
                  "x-amz-date",
                  "x-amz-security-token",
                  "x-api-key"
                ],
                "allow_methods": [
                  "GET",
                  "OPTIONS",
                  "POST"
                ],
                "allow_origins": [
                  "*"
                ],
                "expose_headers": [],
                "max_age": 300
              }
            ],
            "credentials_arn": null,
            "description": "",
            "disable_execute_api_endpoint": false,
            "execution_arn": "arn:aws:execute-api:eu-central-1:595868839325:16zqbpqdvh",
            "fail_on_warnings": null,
            "id": "16zqbpqdvh",
            "ip_address_type": "ipv4",
            "name": "RegistryAPI",
            "protocol_type": "HTTP",
            "region": "eu-central-1",
            "route_key": null,
            "route_selection_expression": "$request.method $request.path",
            "tags": {},
            "tags_all": {},
            "target": null,
            "version": ""
          },
          "sensitive_attributes": [],
          "identity_schema_version": 0,
          "private": "bnVsbA=="
        }
      ]
    },
    {
      "mode": "managed",
      "type": "aws_apigatewayv2_integration",
      "name": "integ",
      "provider": "provider[\"registry.terraform.io/hashicorp/aws\"]",
      "instances": [
        {
          "schema_version": 0,
          "attributes": {
            "api_id": "16zqbpqdvh",
            "connection_id": "",
            "connection_type": "INTERNET",
            "content_handling_strategy": "",
            "credentials_arn": "",
            "description": "",
            "id": "r06rg2m",
            "integration_method": "POST",
            "integration_response_selection_expression": "",
            "integration_subtype": "",
            "integration_type": "AWS_PROXY",
            "integration_uri": "arn:aws:apigateway:eu-central-1:lambda:path/2015-03-31/functions/arn:aws:lambda:eu-central-1:595868839325:function:RegistryBackend/invocations",
            "passthrough_behavior": "",
            "payload_format_version": "1.0",
            "region": "eu-central-1",
            "request_parameters": {},
            "request_templates": {},
            "response_parameters": [],
            "template_selection_expression": "",
            "timeout_milliseconds": 30000,
            "tls_config": []
          },
          "sensitive_attributes": [],
          "identity_schema_version": 0,
          "private": "bnVsbA==",
          "dependencies": [
            "aws_apigatewayv2_api.api",
            "aws_dynamodb_table.db",
            "aws_iam_role.iam_for_lambda",
            "aws_lambda_function.backend",
            "aws_sns_topic.topic"
          ]
        }
      ]
    },
    {
      "mode": "managed",
      "type": "aws_apigatewayv2_route",
      "name": "route",
      "provider": "provider[\"registry.terraform.io/hashicorp/aws\"]",
      "instances": [
        {
          "schema_version": 0,
          "attributes": {
            "api_id": "16zqbpqdvh",
            "api_key_required": false,
            "authorization_scopes": [],
            "authorization_type": "NONE",
            "authorizer_id": "",
            "id": "ilzabk8",
            "model_selection_expression": "",
            "operation_name": "",
            "region": "eu-central-1",
            "request_models": {},
            "request_parameter": [],
            "route_key": "POST /voto",
            "route_response_selection_expression": "",
            "target": "integrations/r06rg2m"
          },
          "sensitive_attributes": [],
          "identity_schema_version": 0,
          "private": "bnVsbA==",
          "dependencies": [
            "aws_apigatewayv2_api.api",
            "aws_apigatewayv2_integration.integ",
            "aws_dynamodb_table.db",
            "aws_iam_role.iam_for_lambda",
            "aws_lambda_function.backend",
            "aws_sns_topic.topic"
          ]
        }
      ]
    },
    {
      "mode": "managed",
      "type": "aws_apigatewayv2_stage",
      "name": "stage",
      "provider": "provider[\"registry.terraform.io/hashicorp/aws\"]",
      "instances": [
        {
          "schema_version": 0,
          "attributes": {
            "access_log_settings": [],
            "api_id": "16zqbpqdvh",
            "arn": "arn:aws:apigateway:eu-central-1::/apis/16zqbpqdvh/stages/$default",
            "auto_deploy": true,
            "client_certificate_id": "",
            "default_route_settings": [
              {
                "data_trace_enabled": false,
                "detailed_metrics_enabled": false,
                "logging_level": "",
                "throttling_burst_limit": 0,
                "throttling_rate_limit": 0
              }
            ],
            "deployment_id": "grmgjx",
            "description": "",
            "execution_arn": "arn:aws:execute-api:eu-central-1:595868839325:16zqbpqdvh/$default",
            "id": "$default",
            "invoke_url": "https://16zqbpqdvh.execute-api.eu-central-1.amazonaws.com/",
            "name": "$default",
            "region": "eu-central-1",
            "route_settings": [],
            "stage_variables": {},
            "tags": {},
            "tags_all": {}
          },
          "sensitive_attributes": [],
          "identity_schema_version": 0,
          "private": "bnVsbA==",
          "dependencies": [
            "aws_apigatewayv2_api.api"
          ]
        }
      ]
    },
    {
      "mode": "managed",
      "type": "aws_cognito_user_pool",
      "name": "pool",
      "provider": "provider[\"registry.terraform.io/hashicorp/aws\"]",
      "instances": [
        {
          "schema_version": 0,
          "attributes": {
            "account_recovery_setting": [
              {
                "recovery_mechanism": [
                  {
                    "name": "verified_email",
                    "priority": 1
                  },
                  {
                    "name": "verified_phone_number",
                    "priority": 2
                  }
                ]
              }
            ],
            "admin_create_user_config": [
              {
                "allow_admin_create_user_only": false,
                "invite_message_template": []
              }
            ],
            "alias_attributes": null,
            "arn": "arn:aws:cognito-idp:eu-central-1:595868839325:userpool/eu-central-1_JJ7KlMNcu",
            "auto_verified_attributes": [],
            "creation_date": "2026-02-02T11:58:16Z",
            "custom_domain": "",
            "deletion_protection": "INACTIVE",
            "device_configuration": [],
            "domain": "",
            "email_configuration": [
              {
                "configuration_set": "",
                "email_sending_account": "COGNITO_DEFAULT",
                "from_email_address": "",
                "reply_to_email_address": "",
                "source_arn": ""
              }
            ],
            "email_mfa_configuration": [],
            "email_verification_message": "",
            "email_verification_subject": "",
            "endpoint": "cognito-idp.eu-central-1.amazonaws.com/eu-central-1_JJ7KlMNcu",
            "estimated_number_of_users": 1,
            "id": "eu-central-1_JJ7KlMNcu",
            "lambda_config": [],
            "last_modified_date": "2026-02-02T11:58:16Z",
            "mfa_configuration": "OFF",
            "name": "RegistryPool",
            "password_policy": [
              {
                "minimum_length": 8,
                "password_history_size": 0,
                "require_lowercase": true,
                "require_numbers": true,
                "require_symbols": true,
                "require_uppercase": true,
                "temporary_password_validity_days": 7
              }
            ],
            "region": "eu-central-1",
            "schema": [],
            "sign_in_policy": [
              {
                "allowed_first_auth_factors": [
                  "PASSWORD"
                ]
              }
            ],
            "sms_authentication_message": "",
            "sms_configuration": [],
            "sms_verification_message": "",
            "software_token_mfa_configuration": [],
            "tags": {},
            "tags_all": {},
            "user_attribute_update_settings": [],
            "user_pool_add_ons": [],
            "user_pool_tier": "ESSENTIALS",
            "username_attributes": [],
            "username_configuration": [],
            "verification_message_template": [
              {
                "default_email_option": "CONFIRM_WITH_CODE",
                "email_message": "",
                "email_message_by_link": "",
                "email_subject": "",
                "email_subject_by_link": "",
                "sms_message": ""
              }
            ],
            "web_authn_configuration": []
          },
          "sensitive_attributes": [],
          "identity_schema_version": 0,
          "private": "bnVsbA=="
        }
      ]
    },
    {
      "mode": "managed",
      "type": "aws_cognito_user_pool_client",
      "name": "client",
      "provider": "provider[\"registry.terraform.io/hashicorp/aws\"]",
      "instances": [
        {
          "schema_version": 0,
          "attributes": {
            "access_token_validity": 0,
            "allowed_oauth_flows": [],
            "allowed_oauth_flows_user_pool_client": false,
            "allowed_oauth_scopes": [],
            "analytics_configuration": [],
            "auth_session_validity": 3,
            "callback_urls": [],
            "client_secret": "",
            "default_redirect_uri": "",
            "enable_propagate_additional_user_context_data": false,
            "enable_token_revocation": true,
            "explicit_auth_flows": [],
            "generate_secret": null,
            "id": "4vq33ie3iig4918jchrhhfhcql",
            "id_token_validity": 0,
            "logout_urls": [],
            "name": "RegistryClient",
            "prevent_user_existence_errors": "",
            "read_attributes": [],
            "refresh_token_rotation": [],
            "refresh_token_validity": 30,
            "region": "eu-central-1",
            "supported_identity_providers": [],
            "token_validity_units": [],
            "user_pool_id": "eu-central-1_JJ7KlMNcu",
            "write_attributes": []
          },
          "sensitive_attributes": [
            [
              {
                "type": "get_attr",
                "value": "client_secret"
              }
            ]
          ],
          "identity_schema_version": 0,
          "dependencies": [
            "aws_cognito_user_pool.pool"
          ]
        }
      ]
    },
    {
      "mode": "managed",
      "type": "aws_dynamodb_table",
      "name": "db",
      "provider": "provider[\"registry.terraform.io/hashicorp/aws\"]",
      "instances": [
        {
          "schema_version": 1,
          "attributes": {
            "arn": "arn:aws:dynamodb:eu-central-1:595868839325:table/CloudRegistryDB",
            "attribute": [
              {
                "name": "PK",
                "type": "S"
              },
              {
                "name": "SK",
                "type": "S"
              }
            ],
            "billing_mode": "PAY_PER_REQUEST",
            "deletion_protection_enabled": false,
            "global_secondary_index": [],
            "global_table_witness": [],
            "hash_key": "PK",
            "id": "CloudRegistryDB",
            "import_table": [],
            "local_secondary_index": [],
            "name": "CloudRegistryDB",
            "on_demand_throughput": [],
            "point_in_time_recovery": [
              {
                "enabled": false,
                "recovery_period_in_days": 0
              }
            ],
            "range_key": "SK",
            "read_capacity": 0,
            "region": "eu-central-1",
            "replica": [],
            "restore_date_time": null,
            "restore_source_name": null,
            "restore_source_table_arn": null,
            "restore_to_latest_time": null,
            "server_side_encryption": [],
            "stream_arn": "",
            "stream_enabled": false,
            "stream_label": "",
            "stream_view_type": "",
            "table_class": "STANDARD",
            "tags": {},
            "tags_all": {},
            "timeouts": null,
            "ttl": [
              {
                "attribute_name": "",
                "enabled": false
              }
            ],
            "warm_throughput": [],
            "write_capacity": 0
          },
          "sensitive_attributes": [],
          "identity_schema_version": 0,
          "private": "eyJlMmJmYjczMC1lY2FhLTExZTYtOGY4OC0zNDM2M2JjN2M0YzAiOnsiY3JlYXRlIjoxODAwMDAwMDAwMDAwLCJkZWxldGUiOjYwMDAwMDAwMDAwMCwidXBkYXRlIjozNjAwMDAwMDAwMDAwfSwic2NoZW1hX3ZlcnNpb24iOiIxIn0="
        }
      ]
    },
    {
      "mode": "managed",
      "type": "aws_iam_role",
      "name": "iam_for_lambda",
      "provider": "provider[\"registry.terraform.io/hashicorp/aws\"]",
      "instances": [
        {
          "schema_version": 0,
          "attributes": {
            "arn": "arn:aws:iam::595868839325:role/iam_for_lambda_registry_v2",
            "assume_role_policy": "{\"Statement\":[{\"Action\":\"sts:AssumeRole\",\"Effect\":\"Allow\",\"Principal\":{\"Service\":\"lambda.amazonaws.com\"}}],\"Version\":\"2012-10-17\"}",
            "create_date": "2026-02-02T12:36:55Z",
            "description": "",
            "force_detach_policies": false,
            "id": "iam_for_lambda_registry_v2",
            "inline_policy": [],
            "managed_policy_arns": [],
            "max_session_duration": 3600,
            "name": "iam_for_lambda_registry_v2",
            "name_prefix": "",
            "path": "/",
            "permissions_boundary": "",
            "tags": null,
            "tags_all": {},
            "unique_id": "AROAYVPEM5WO2ZIURK2GW"
          },
          "sensitive_attributes": [],
          "identity_schema_version": 0,
          "identity": {
            "account_id": "595868839325",
            "name": "iam_for_lambda_registry_v2"
          },
          "private": "bnVsbA=="
        }
      ]
    },
    {
      "mode": "managed",
      "type": "aws_iam_role_policy",
      "name": "lambda_policy",
      "provider": "provider[\"registry.terraform.io/hashicorp/aws\"]",
      "instances": [
        {
          "schema_version": 0,
          "attributes": {
            "id": "iam_for_lambda_registry_v2:lambda_policy",
            "name": "lambda_policy",
            "name_prefix": "",
            "policy": "{\"Version\":\"2012-10-17\",\"Statement\":[{\"Action\":[\"dynamodb:PutItem\",\"dynamodb:GetItem\",\"dynamodb:Scan\"],\"Effect\":\"Allow\",\"Resource\":\"*\"},{\"Action\":[\"sns:Publish\"],\"Effect\":\"Allow\",\"Resource\":\"*\"},{\"Action\":[\"logs:*\"],\"Effect\":\"Allow\",\"Resource\":\"*\"}]}",
            "role": "iam_for_lambda_registry_v2"
          },
          "sensitive_attributes": [],
          "identity_schema_version": 0,
          "identity": {
            "account_id": "595868839325",
            "name": "lambda_policy",
            "role": "iam_for_lambda_registry_v2"
          },
          "private": "bnVsbA==",
          "dependencies": [
            "aws_iam_role.iam_for_lambda"
          ]
        }
      ]
    },
    {
      "mode": "managed",
      "type": "aws_lambda_function",
      "name": "backend",
      "provider": "provider[\"registry.terraform.io/hashicorp/aws\"]",
      "instances": [
        {
          "schema_version": 0,
          "attributes": {
            "architectures": [
              "x86_64"
            ],
            "arn": "arn:aws:lambda:eu-central-1:595868839325:function:RegistryBackend",
            "capacity_provider_config": [],
            "code_sha256": "PNnodJga+MnjaetZVwnx8UQjjvn5ESaz3sy07fh/WEQ=",
            "code_signing_config_arn": "",
            "dead_letter_config": [],
            "description": "",
            "durable_config": [],
            "environment": [
              {
                "variables": {
                  "SNS_TOPIC_ARN": "arn:aws:sns:eu-central-1:595868839325:RegistryNotifications",
                  "TABLE_NAME": "CloudRegistryDB"
                }
              }
            ],
            "ephemeral_storage": [
              {
                "size": 512
              }
            ],
            "file_system_config": [],
            "filename": "codice.zip",
            "function_name": "RegistryBackend",
            "handler": "index.lambda_handler",
            "id": "RegistryBackend",
            "image_config": [],
            "image_uri": "",
            "invoke_arn": "arn:aws:apigateway:eu-central-1:lambda:path/2015-03-31/functions/arn:aws:lambda:eu-central-1:595868839325:function:RegistryBackend/invocations",
            "kms_key_arn": "",
            "last_modified": "2026-02-02T12:37:05.000+0000",
            "layers": [],
            "logging_config": [
              {
                "application_log_level": "",
                "log_format": "Text",
                "log_group": "/aws/lambda/RegistryBackend",
                "system_log_level": ""
              }
            ],
            "memory_size": 128,
            "package_type": "Zip",
            "publish": false,
            "publish_to": null,
            "qualified_arn": "arn:aws:lambda:eu-central-1:595868839325:function:RegistryBackend:$LATEST",
            "qualified_invoke_arn": "arn:aws:apigateway:eu-central-1:lambda:path/2015-03-31/functions/arn:aws:lambda:eu-central-1:595868839325:function:RegistryBackend:$LATEST/invocations",
            "region": "eu-central-1",
            "replace_security_groups_on_destroy": null,
            "replacement_security_group_ids": null,
            "reserved_concurrent_executions": -1,
            "response_streaming_invoke_arn": "arn:aws:apigateway:eu-central-1:lambda:path/2021-11-15/functions/arn:aws:lambda:eu-central-1:595868839325:function:RegistryBackend/response-streaming-invocations",
            "role": "arn:aws:iam::595868839325:role/iam_for_lambda_registry_v2",
            "runtime": "python3.9",
            "s3_bucket": null,
            "s3_key": null,
            "s3_object_version": null,
            "signing_job_arn": "",
            "signing_profile_version_arn": "",
            "skip_destroy": false,
            "snap_start": [],
            "source_code_hash": "PNnodJga+MnjaetZVwnx8UQjjvn5ESaz3sy07fh/WEQ=",
            "source_code_size": 971,
            "source_kms_key_arn": "",
            "tags": {},
            "tags_all": {},
            "tenancy_config": [],
            "timeout": 3,
            "timeouts": null,
            "tracing_config": [
              {
                "mode": "PassThrough"
              }
            ],
            "version": "$LATEST",
            "vpc_config": []
          },
          "sensitive_attributes": [],
          "identity_schema_version": 0,
          "identity": {
            "account_id": "595868839325",
            "function_name": "RegistryBackend",
            "region": "eu-central-1"
          },
          "private": "eyJlMmJmYjczMC1lY2FhLTExZTYtOGY4OC0zNDM2M2JjN2M0YzAiOnsiY3JlYXRlIjo2MDAwMDAwMDAwMDAsImRlbGV0ZSI6NjAwMDAwMDAwMDAwLCJ1cGRhdGUiOjYwMDAwMDAwMDAwMH19",
          "dependencies": [
            "aws_dynamodb_table.db",
            "aws_iam_role.iam_for_lambda",
            "aws_sns_topic.topic"
          ]
        }
      ]
    },
    {
      "mode": "managed",
      "type": "aws_lambda_permission",
      "name": "api_perm",
      "provider": "provider[\"registry.terraform.io/hashicorp/aws\"]",
      "instances": [
        {
          "schema_version": 0,
          "attributes": {
            "action": "lambda:InvokeFunction",
            "event_source_token": null,
            "function_name": "RegistryBackend",
            "function_url_auth_type": null,
            "id": "AllowAPI",
            "invoked_via_function_url": null,
            "principal": "apigateway.amazonaws.com",
            "principal_org_id": null,
            "qualifier": "",
            "region": "eu-central-1",
            "source_account": null,
            "source_arn": "arn:aws:execute-api:eu-central-1:595868839325:16zqbpqdvh/*/*",
            "statement_id": "AllowAPI",
            "statement_id_prefix": ""
          },
          "sensitive_attributes": [],
          "identity_schema_version": 0,
          "identity": {
            "account_id": "595868839325",
            "function_name": "RegistryBackend",
            "qualifier": null,
            "region": "eu-central-1",
            "statement_id": "AllowAPI"
          },
          "private": "bnVsbA==",
          "dependencies": [
            "aws_apigatewayv2_api.api",
            "aws_dynamodb_table.db",
            "aws_iam_role.iam_for_lambda",
            "aws_lambda_function.backend",
            "aws_sns_topic.topic"
          ]
        }
      ]
    },
    {
      "mode": "managed",
      "type": "aws_sns_topic",
      "name": "topic",
      "provider": "provider[\"registry.terraform.io/hashicorp/aws\"]",
      "instances": [
        {
          "schema_version": 0,
          "attributes": {
            "application_failure_feedback_role_arn": "",
            "application_success_feedback_role_arn": "",
            "application_success_feedback_sample_rate": 0,
            "archive_policy": "",
            "arn": "arn:aws:sns:eu-central-1:595868839325:RegistryNotifications",
            "beginning_archive_time": "",
            "content_based_deduplication": false,
            "delivery_policy": "",
            "display_name": "",
            "fifo_throughput_scope": "",
            "fifo_topic": false,
            "firehose_failure_feedback_role_arn": "",
            "firehose_success_feedback_role_arn": "",
            "firehose_success_feedback_sample_rate": 0,
            "http_failure_feedback_role_arn": "",
            "http_success_feedback_role_arn": "",
            "http_success_feedback_sample_rate": 0,
            "id": "arn:aws:sns:eu-central-1:595868839325:RegistryNotifications",
            "kms_master_key_id": "",
            "lambda_failure_feedback_role_arn": "",
            "lambda_success_feedback_role_arn": "",
            "lambda_success_feedback_sample_rate": 0,
            "name": "RegistryNotifications",
            "name_prefix": "",
            "owner": "595868839325",
            "policy": "{\"Id\":\"__default_policy_ID\",\"Statement\":[{\"Action\":[\"SNS:GetTopicAttributes\",\"SNS:SetTopicAttributes\",\"SNS:AddPermission\",\"SNS:RemovePermission\",\"SNS:DeleteTopic\",\"SNS:Subscribe\",\"SNS:ListSubscriptionsByTopic\",\"SNS:Publish\"],\"Condition\":{\"StringEquals\":{\"AWS:SourceOwner\":\"595868839325\"}},\"Effect\":\"Allow\",\"Principal\":{\"AWS\":\"*\"},\"Resource\":\"arn:aws:sns:eu-central-1:595868839325:RegistryNotifications\",\"Sid\":\"__default_statement_ID\"}],\"Version\":\"2008-10-17\"}",
            "region": "eu-central-1",
            "signature_version": 0,
            "sqs_failure_feedback_role_arn": "",
            "sqs_success_feedback_role_arn": "",
            "sqs_success_feedback_sample_rate": 0,
            "tags": {},
            "tags_all": {},
            "tracing_config": ""
          },
          "sensitive_attributes": [],
          "identity_schema_version": 0,
          "identity": {
            "arn": "arn:aws:sns:eu-central-1:595868839325:RegistryNotifications"
          },
          "private": "bnVsbA=="
        }
      ]
    }
  ],
  "check_results": null
}
